// !$*UTF8*$!
{
	archiveVersion = 1;
	classes = {
	};
	objectVersion = 50;
	objects = {

/* Begin PBXBuildFile section */
		3F4C977820D3A5A300529482 /* CDModel.swift in Sources */ = {isa = PBXBuildFile; fileRef = 3F4C977020D3A5A300529482 /* CDModel.swift */; };
		3F4C977920D3A5A300529482 /* CDCoinTickerDataProvider.swift in Sources */ = {isa = PBXBuildFile; fileRef = 3F4C977120D3A5A300529482 /* CDCoinTickerDataProvider.swift */; };
		3F4C977A20D3A5A300529482 /* CDQuotePersistenceMapper.swift in Sources */ = {isa = PBXBuildFile; fileRef = 3F4C977320D3A5A300529482 /* CDQuotePersistenceMapper.swift */; };
		3F4C977B20D3A5A300529482 /* CDCoinTickerPersistenceMapper.swift in Sources */ = {isa = PBXBuildFile; fileRef = 3F4C977420D3A5A300529482 /* CDCoinTickerPersistenceMapper.swift */; };
		3F4C977C20D3A5A300529482 /* CoinPriceModel.xcdatamodeld in Sources */ = {isa = PBXBuildFile; fileRef = 3F4C977520D3A5A300529482 /* CoinPriceModel.xcdatamodeld */; };
		3F4C978120D3A83C00529482 /* CoinTickerDataProvider.swift in Sources */ = {isa = PBXBuildFile; fileRef = 3F4C978020D3A83C00529482 /* CoinTickerDataProvider.swift */; };
		3F4C978420D3AF6F00529482 /* Codable+Any.swift in Sources */ = {isa = PBXBuildFile; fileRef = 3F4C978320D3AF6F00529482 /* Codable+Any.swift */; };
		3F57BF5F20D7925900DF39A2 /* NumberFormatter+Formatters.swift in Sources */ = {isa = PBXBuildFile; fileRef = 3F57BF5E20D7925900DF39A2 /* NumberFormatter+Formatters.swift */; };
		3F57BF6120D7951400DF39A2 /* CoinDetailsViewFormatter.swift in Sources */ = {isa = PBXBuildFile; fileRef = 3F57BF6020D7951400DF39A2 /* CoinDetailsViewFormatter.swift */; };
		3F57BF6320D79B9500DF39A2 /* CoinPriceCellFormatter.swift in Sources */ = {isa = PBXBuildFile; fileRef = 3F57BF6220D79B9500DF39A2 /* CoinPriceCellFormatter.swift */; };
		3F63AF5E20D5124F000EC7DD /* CoinDetails.storyboard in Resources */ = {isa = PBXBuildFile; fileRef = 3F63AF5D20D5124F000EC7DD /* CoinDetails.storyboard */; };
		3F63AF6020D5156C000EC7DD /* CoinDetailsViewController.swift in Sources */ = {isa = PBXBuildFile; fileRef = 3F63AF5F20D5156C000EC7DD /* CoinDetailsViewController.swift */; };
		3F63AF6420D533CC000EC7DD /* Quote.swift in Sources */ = {isa = PBXBuildFile; fileRef = 3F63AF6220D533CC000EC7DD /* Quote.swift */; };
		3F63AF6520D533CC000EC7DD /* CoinTicker.swift in Sources */ = {isa = PBXBuildFile; fileRef = 3F63AF6320D533CC000EC7DD /* CoinTicker.swift */; };
		3F63AF6720D537EF000EC7DD /* PriceListRouter.swift in Sources */ = {isa = PBXBuildFile; fileRef = 3F63AF6620D537EF000EC7DD /* PriceListRouter.swift */; };
		3F63AF6920D53888000EC7DD /* CoinDetailsViewModel.swift in Sources */ = {isa = PBXBuildFile; fileRef = 3F63AF6820D53888000EC7DD /* CoinDetailsViewModel.swift */; };
		3F7A104020D3E1E100A22681 /* PersistenceMapper.swift in Sources */ = {isa = PBXBuildFile; fileRef = 3F7A103F20D3E1E100A22681 /* PersistenceMapper.swift */; };
		3F7DADEA20DBF54D006C52C8 /* PastPricesService.swift in Sources */ = {isa = PBXBuildFile; fileRef = 3F7DADE920DBF54D006C52C8 /* PastPricesService.swift */; };
		3F7DADEF20DBF726006C52C8 /* PastPricesResponse.swift in Sources */ = {isa = PBXBuildFile; fileRef = 3F7DADEE20DBF726006C52C8 /* PastPricesResponse.swift */; };
		3F7DADF120DBF755006C52C8 /* PastPrice.swift in Sources */ = {isa = PBXBuildFile; fileRef = 3F7DADF020DBF755006C52C8 /* PastPrice.swift */; };
		3F7DADF320DBF82E006C52C8 /* PastPricesServiceType.swift in Sources */ = {isa = PBXBuildFile; fileRef = 3F7DADF220DBF82E006C52C8 /* PastPricesServiceType.swift */; };
		3F7DADF720DBFE89006C52C8 /* ChartViewBase+Rx.swift in Sources */ = {isa = PBXBuildFile; fileRef = 3F7DADF620DBFE89006C52C8 /* ChartViewBase+Rx.swift */; };
		3F7DADF920DC04F7006C52C8 /* DataValueFormatter.swift in Sources */ = {isa = PBXBuildFile; fileRef = 3F7DADF820DC04F7006C52C8 /* DataValueFormatter.swift */; };
		3F7DADFB20DC122F006C52C8 /* CDPastPricePersistenceMapper.swift in Sources */ = {isa = PBXBuildFile; fileRef = 3F7DADFA20DC122F006C52C8 /* CDPastPricePersistenceMapper.swift */; };
		3FA934F920D2CFC6002E6B10 /* CoinTickerResponse.swift in Sources */ = {isa = PBXBuildFile; fileRef = 3FA934F020D2CFC6002E6B10 /* CoinTickerResponse.swift */; };
		3FA934FA20D2CFC6002E6B10 /* ServiceError.swift in Sources */ = {isa = PBXBuildFile; fileRef = 3FA934F320D2CFC6002E6B10 /* ServiceError.swift */; };
		3FA934FB20D2CFC6002E6B10 /* RequestType.swift in Sources */ = {isa = PBXBuildFile; fileRef = 3FA934F420D2CFC6002E6B10 /* RequestType.swift */; };
		3FA9350720D2D2F2002E6B10 /* FiatCurrency.swift in Sources */ = {isa = PBXBuildFile; fileRef = 3FA9350220D2D2F2002E6B10 /* FiatCurrency.swift */; };
		3FCD264B20CE479B0054F0CB /* AppDelegate.swift in Sources */ = {isa = PBXBuildFile; fileRef = 3FCD264A20CE479B0054F0CB /* AppDelegate.swift */; };
		3FCD265F20CE491C0054F0CB /* Assets.xcassets in Resources */ = {isa = PBXBuildFile; fileRef = 3FCD265D20CE491C0054F0CB /* Assets.xcassets */; };
		3FCD266520CE492A0054F0CB /* LaunchScreen.storyboard in Resources */ = {isa = PBXBuildFile; fileRef = 3FCD266220CE492A0054F0CB /* LaunchScreen.storyboard */; };
		3FCD266B20CE49410054F0CB /* PriceListViewController.swift in Sources */ = {isa = PBXBuildFile; fileRef = 3FCD266920CE49410054F0CB /* PriceListViewController.swift */; };
		3FCD266C20CE49410054F0CB /* PriceList.storyboard in Resources */ = {isa = PBXBuildFile; fileRef = 3FCD266A20CE49410054F0CB /* PriceList.storyboard */; };
		3FCD266F20CE49E40054F0CB /* CoinPriceCell.swift in Sources */ = {isa = PBXBuildFile; fileRef = 3FCD266D20CE49E40054F0CB /* CoinPriceCell.swift */; };
		3FCD267020CE49E40054F0CB /* CoinPriceCell.xib in Resources */ = {isa = PBXBuildFile; fileRef = 3FCD266E20CE49E40054F0CB /* CoinPriceCell.xib */; };
		3FCD267220CE4FDA0054F0CB /* DIContainer.swift in Sources */ = {isa = PBXBuildFile; fileRef = 3FCD267120CE4FDA0054F0CB /* DIContainer.swift */; };
		3FCD267420CE50030054F0CB /* PriceListViewModel.swift in Sources */ = {isa = PBXBuildFile; fileRef = 3FCD267320CE50030054F0CB /* PriceListViewModel.swift */; };
		3FCD268020CE55740054F0CB /* TickersService.swift in Sources */ = {isa = PBXBuildFile; fileRef = 3FCD267F20CE55740054F0CB /* TickersService.swift */; };
		3FCD268220CE55810054F0CB /* TickersServiceType.swift in Sources */ = {isa = PBXBuildFile; fileRef = 3FCD268120CE55810054F0CB /* TickersServiceType.swift */; };
		3FCD268420CE596B0054F0CB /* Service.swift in Sources */ = {isa = PBXBuildFile; fileRef = 3FCD268320CE596B0054F0CB /* Service.swift */; };
		3FD0781820DCD60600C4E9B7 /* PriceValueFormatter.swift in Sources */ = {isa = PBXBuildFile; fileRef = 3FD0781720DCD60600C4E9B7 /* PriceValueFormatter.swift */; };
		69C6BF369EBE89CA0DD2C68D /* Pods_CoinPrice.framework in Frameworks */ = {isa = PBXBuildFile; fileRef = 539489556143ADC8F4DE83E8 /* Pods_CoinPrice.framework */; };
/* End PBXBuildFile section */

/* Begin PBXFileReference section */
		2B70A043E9BAD86EC58ED7D4 /* Pods-CoinPrice.debug.xcconfig */ = {isa = PBXFileReference; includeInIndex = 1; lastKnownFileType = text.xcconfig; name = "Pods-CoinPrice.debug.xcconfig"; path = "Pods/Target Support Files/Pods-CoinPrice/Pods-CoinPrice.debug.xcconfig"; sourceTree = "<group>"; };
		3F4C977020D3A5A300529482 /* CDModel.swift */ = {isa = PBXFileReference; fileEncoding = 4; lastKnownFileType = sourcecode.swift; path = CDModel.swift; sourceTree = "<group>"; };
		3F4C977120D3A5A300529482 /* CDCoinTickerDataProvider.swift */ = {isa = PBXFileReference; fileEncoding = 4; lastKnownFileType = sourcecode.swift; path = CDCoinTickerDataProvider.swift; sourceTree = "<group>"; };
		3F4C977320D3A5A300529482 /* CDQuotePersistenceMapper.swift */ = {isa = PBXFileReference; fileEncoding = 4; lastKnownFileType = sourcecode.swift; path = CDQuotePersistenceMapper.swift; sourceTree = "<group>"; };
		3F4C977420D3A5A300529482 /* CDCoinTickerPersistenceMapper.swift */ = {isa = PBXFileReference; fileEncoding = 4; lastKnownFileType = sourcecode.swift; path = CDCoinTickerPersistenceMapper.swift; sourceTree = "<group>"; };
		3F4C977620D3A5A300529482 /* CoinPriceModel.xcdatamodel */ = {isa = PBXFileReference; lastKnownFileType = wrapper.xcdatamodel; path = CoinPriceModel.xcdatamodel; sourceTree = "<group>"; };
		3F4C978020D3A83C00529482 /* CoinTickerDataProvider.swift */ = {isa = PBXFileReference; lastKnownFileType = sourcecode.swift; path = CoinTickerDataProvider.swift; sourceTree = "<group>"; };
		3F4C978320D3AF6F00529482 /* Codable+Any.swift */ = {isa = PBXFileReference; lastKnownFileType = sourcecode.swift; path = "Codable+Any.swift"; sourceTree = "<group>"; };
		3F57BF5E20D7925900DF39A2 /* NumberFormatter+Formatters.swift */ = {isa = PBXFileReference; lastKnownFileType = sourcecode.swift; path = "NumberFormatter+Formatters.swift"; sourceTree = "<group>"; };
		3F57BF6020D7951400DF39A2 /* CoinDetailsViewFormatter.swift */ = {isa = PBXFileReference; lastKnownFileType = sourcecode.swift; path = CoinDetailsViewFormatter.swift; sourceTree = "<group>"; };
		3F57BF6220D79B9500DF39A2 /* CoinPriceCellFormatter.swift */ = {isa = PBXFileReference; lastKnownFileType = sourcecode.swift; path = CoinPriceCellFormatter.swift; sourceTree = "<group>"; };
		3F63AF5D20D5124F000EC7DD /* CoinDetails.storyboard */ = {isa = PBXFileReference; lastKnownFileType = file.storyboard; path = CoinDetails.storyboard; sourceTree = "<group>"; };
		3F63AF5F20D5156C000EC7DD /* CoinDetailsViewController.swift */ = {isa = PBXFileReference; lastKnownFileType = sourcecode.swift; path = CoinDetailsViewController.swift; sourceTree = "<group>"; };
		3F63AF6220D533CC000EC7DD /* Quote.swift */ = {isa = PBXFileReference; fileEncoding = 4; lastKnownFileType = sourcecode.swift; path = Quote.swift; sourceTree = "<group>"; };
		3F63AF6320D533CC000EC7DD /* CoinTicker.swift */ = {isa = PBXFileReference; fileEncoding = 4; lastKnownFileType = sourcecode.swift; path = CoinTicker.swift; sourceTree = "<group>"; };
		3F63AF6620D537EF000EC7DD /* PriceListRouter.swift */ = {isa = PBXFileReference; lastKnownFileType = sourcecode.swift; path = PriceListRouter.swift; sourceTree = "<group>"; };
		3F63AF6820D53888000EC7DD /* CoinDetailsViewModel.swift */ = {isa = PBXFileReference; lastKnownFileType = sourcecode.swift; path = CoinDetailsViewModel.swift; sourceTree = "<group>"; };
		3F7A103F20D3E1E100A22681 /* PersistenceMapper.swift */ = {isa = PBXFileReference; fileEncoding = 4; lastKnownFileType = sourcecode.swift; path = PersistenceMapper.swift; sourceTree = "<group>"; };
		3F7DADE920DBF54D006C52C8 /* PastPricesService.swift */ = {isa = PBXFileReference; lastKnownFileType = sourcecode.swift; path = PastPricesService.swift; sourceTree = "<group>"; };
		3F7DADEE20DBF726006C52C8 /* PastPricesResponse.swift */ = {isa = PBXFileReference; lastKnownFileType = sourcecode.swift; path = PastPricesResponse.swift; sourceTree = "<group>"; };
		3F7DADF020DBF755006C52C8 /* PastPrice.swift */ = {isa = PBXFileReference; lastKnownFileType = sourcecode.swift; path = PastPrice.swift; sourceTree = "<group>"; };
		3F7DADF220DBF82E006C52C8 /* PastPricesServiceType.swift */ = {isa = PBXFileReference; lastKnownFileType = sourcecode.swift; path = PastPricesServiceType.swift; sourceTree = "<group>"; };
		3F7DADF620DBFE89006C52C8 /* ChartViewBase+Rx.swift */ = {isa = PBXFileReference; lastKnownFileType = sourcecode.swift; path = "ChartViewBase+Rx.swift"; sourceTree = "<group>"; };
		3F7DADF820DC04F7006C52C8 /* DataValueFormatter.swift */ = {isa = PBXFileReference; lastKnownFileType = sourcecode.swift; path = DataValueFormatter.swift; sourceTree = "<group>"; };
		3F7DADFA20DC122F006C52C8 /* CDPastPricePersistenceMapper.swift */ = {isa = PBXFileReference; lastKnownFileType = sourcecode.swift; path = CDPastPricePersistenceMapper.swift; sourceTree = "<group>"; };
		3FA934F020D2CFC6002E6B10 /* CoinTickerResponse.swift */ = {isa = PBXFileReference; fileEncoding = 4; lastKnownFileType = sourcecode.swift; path = CoinTickerResponse.swift; sourceTree = "<group>"; };
		3FA934F320D2CFC6002E6B10 /* ServiceError.swift */ = {isa = PBXFileReference; fileEncoding = 4; lastKnownFileType = sourcecode.swift; path = ServiceError.swift; sourceTree = "<group>"; };
		3FA934F420D2CFC6002E6B10 /* RequestType.swift */ = {isa = PBXFileReference; fileEncoding = 4; lastKnownFileType = sourcecode.swift; path = RequestType.swift; sourceTree = "<group>"; };
		3FA9350220D2D2F2002E6B10 /* FiatCurrency.swift */ = {isa = PBXFileReference; fileEncoding = 4; lastKnownFileType = sourcecode.swift; path = FiatCurrency.swift; sourceTree = "<group>"; };
		3FCD264720CE479B0054F0CB /* CoinPrice.app */ = {isa = PBXFileReference; explicitFileType = wrapper.application; includeInIndex = 0; path = CoinPrice.app; sourceTree = BUILT_PRODUCTS_DIR; };
		3FCD264A20CE479B0054F0CB /* AppDelegate.swift */ = {isa = PBXFileReference; lastKnownFileType = sourcecode.swift; path = AppDelegate.swift; sourceTree = "<group>"; };
		3FCD265D20CE491C0054F0CB /* Assets.xcassets */ = {isa = PBXFileReference; lastKnownFileType = folder.assetcatalog; path = Assets.xcassets; sourceTree = "<group>"; };
		3FCD265E20CE491C0054F0CB /* Info.plist */ = {isa = PBXFileReference; fileEncoding = 4; lastKnownFileType = text.plist.xml; path = Info.plist; sourceTree = "<group>"; };
		3FCD266220CE492A0054F0CB /* LaunchScreen.storyboard */ = {isa = PBXFileReference; fileEncoding = 4; lastKnownFileType = file.storyboard; path = LaunchScreen.storyboard; sourceTree = "<group>"; };
		3FCD266920CE49410054F0CB /* PriceListViewController.swift */ = {isa = PBXFileReference; fileEncoding = 4; lastKnownFileType = sourcecode.swift; path = PriceListViewController.swift; sourceTree = "<group>"; };
		3FCD266A20CE49410054F0CB /* PriceList.storyboard */ = {isa = PBXFileReference; fileEncoding = 4; lastKnownFileType = file.storyboard; path = PriceList.storyboard; sourceTree = "<group>"; };
		3FCD266D20CE49E40054F0CB /* CoinPriceCell.swift */ = {isa = PBXFileReference; lastKnownFileType = sourcecode.swift; path = CoinPriceCell.swift; sourceTree = "<group>"; };
		3FCD266E20CE49E40054F0CB /* CoinPriceCell.xib */ = {isa = PBXFileReference; lastKnownFileType = file.xib; path = CoinPriceCell.xib; sourceTree = "<group>"; };
		3FCD267120CE4FDA0054F0CB /* DIContainer.swift */ = {isa = PBXFileReference; lastKnownFileType = sourcecode.swift; path = DIContainer.swift; sourceTree = "<group>"; };
		3FCD267320CE50030054F0CB /* PriceListViewModel.swift */ = {isa = PBXFileReference; lastKnownFileType = sourcecode.swift; path = PriceListViewModel.swift; sourceTree = "<group>"; };
		3FCD267F20CE55740054F0CB /* TickersService.swift */ = {isa = PBXFileReference; lastKnownFileType = sourcecode.swift; path = TickersService.swift; sourceTree = "<group>"; };
		3FCD268120CE55810054F0CB /* TickersServiceType.swift */ = {isa = PBXFileReference; lastKnownFileType = sourcecode.swift; path = TickersServiceType.swift; sourceTree = "<group>"; };
		3FCD268320CE596B0054F0CB /* Service.swift */ = {isa = PBXFileReference; lastKnownFileType = sourcecode.swift; path = Service.swift; sourceTree = "<group>"; };
		3FD0781720DCD60600C4E9B7 /* PriceValueFormatter.swift */ = {isa = PBXFileReference; lastKnownFileType = sourcecode.swift; path = PriceValueFormatter.swift; sourceTree = "<group>"; };
		539489556143ADC8F4DE83E8 /* Pods_CoinPrice.framework */ = {isa = PBXFileReference; explicitFileType = wrapper.framework; includeInIndex = 0; path = Pods_CoinPrice.framework; sourceTree = BUILT_PRODUCTS_DIR; };
		DE0BBA204E1C7F766B579E16 /* Pods-CoinPrice.release.xcconfig */ = {isa = PBXFileReference; includeInIndex = 1; lastKnownFileType = text.xcconfig; name = "Pods-CoinPrice.release.xcconfig"; path = "Pods/Target Support Files/Pods-CoinPrice/Pods-CoinPrice.release.xcconfig"; sourceTree = "<group>"; };
/* End PBXFileReference section */

/* Begin PBXFrameworksBuildPhase section */
		3FCD264420CE479B0054F0CB /* Frameworks */ = {
			isa = PBXFrameworksBuildPhase;
			buildActionMask = 2147483647;
			files = (
				69C6BF369EBE89CA0DD2C68D /* Pods_CoinPrice.framework in Frameworks */,
			);
			runOnlyForDeploymentPostprocessing = 0;
		};
/* End PBXFrameworksBuildPhase section */

/* Begin PBXGroup section */
		1AC16964BD20799A990B6967 /* Frameworks */ = {
			isa = PBXGroup;
			children = (
				539489556143ADC8F4DE83E8 /* Pods_CoinPrice.framework */,
			);
			name = Frameworks;
			sourceTree = "<group>";
		};
		3F4C976F20D3A5A300529482 /* CoreData */ = {
			isa = PBXGroup;
			children = (
				3F4C977220D3A5A300529482 /* Mappers */,
				3F4C977020D3A5A300529482 /* CDModel.swift */,
				3F4C977120D3A5A300529482 /* CDCoinTickerDataProvider.swift */,
				3F4C977520D3A5A300529482 /* CoinPriceModel.xcdatamodeld */,
			);
			path = CoreData;
			sourceTree = "<group>";
		};
		3F4C977220D3A5A300529482 /* Mappers */ = {
			isa = PBXGroup;
			children = (
				3F7A103F20D3E1E100A22681 /* PersistenceMapper.swift */,
				3F4C977420D3A5A300529482 /* CDCoinTickerPersistenceMapper.swift */,
				3F4C977320D3A5A300529482 /* CDQuotePersistenceMapper.swift */,
				3F7DADFA20DC122F006C52C8 /* CDPastPricePersistenceMapper.swift */,
			);
			path = Mappers;
			sourceTree = "<group>";
		};
		3F4C977F20D3A82D00529482 /* DataProviders */ = {
			isa = PBXGroup;
			children = (
				3F4C978020D3A83C00529482 /* CoinTickerDataProvider.swift */,
			);
			path = DataProviders;
			sourceTree = "<group>";
		};
		3F4C978220D3AF5A00529482 /* Utils */ = {
			isa = PBXGroup;
			children = (
				3F4C978320D3AF6F00529482 /* Codable+Any.swift */,
				3F57BF5E20D7925900DF39A2 /* NumberFormatter+Formatters.swift */,
				3F7DADF620DBFE89006C52C8 /* ChartViewBase+Rx.swift */,
				3F7DADF820DC04F7006C52C8 /* DataValueFormatter.swift */,
				3FD0781720DCD60600C4E9B7 /* PriceValueFormatter.swift */,
			);
			path = Utils;
			sourceTree = "<group>";
		};
		3F63AF5C20D51206000EC7DD /* CoinDetails */ = {
			isa = PBXGroup;
			children = (
				3F63AF5D20D5124F000EC7DD /* CoinDetails.storyboard */,
				3F63AF5F20D5156C000EC7DD /* CoinDetailsViewController.swift */,
				3F63AF6820D53888000EC7DD /* CoinDetailsViewModel.swift */,
				3F57BF6020D7951400DF39A2 /* CoinDetailsViewFormatter.swift */,
			);
			path = CoinDetails;
			sourceTree = "<group>";
		};
		3F63AF6120D533CC000EC7DD /* Structs */ = {
			isa = PBXGroup;
			children = (
				3F63AF6220D533CC000EC7DD /* Quote.swift */,
				3F63AF6320D533CC000EC7DD /* CoinTicker.swift */,
				3F7DADF020DBF755006C52C8 /* PastPrice.swift */,
			);
			path = Structs;
			sourceTree = "<group>";
		};
		3FA934EE20D2CFC6002E6B10 /* Models */ = {
			isa = PBXGroup;
			children = (
				3FA9350120D2D2F2002E6B10 /* Entities */,
				3FA934EF20D2CFC6002E6B10 /* Response */,
				3FA934F120D2CFC6002E6B10 /* Persistence */,
				3FA934F220D2CFC6002E6B10 /* Services */,
			);
			path = Models;
			sourceTree = "<group>";
		};
		3FA934EF20D2CFC6002E6B10 /* Response */ = {
			isa = PBXGroup;
			children = (
				3FA934F020D2CFC6002E6B10 /* CoinTickerResponse.swift */,
				3F7DADEE20DBF726006C52C8 /* PastPricesResponse.swift */,
			);
			path = Response;
			sourceTree = "<group>";
		};
		3FA934F120D2CFC6002E6B10 /* Persistence */ = {
			isa = PBXGroup;
			children = (
				3F4C976F20D3A5A300529482 /* CoreData */,
				3F4C977F20D3A82D00529482 /* DataProviders */,
			);
			path = Persistence;
			sourceTree = "<group>";
		};
		3FA934F220D2CFC6002E6B10 /* Services */ = {
			isa = PBXGroup;
			children = (
				3FA934F320D2CFC6002E6B10 /* ServiceError.swift */,
				3FA934F420D2CFC6002E6B10 /* RequestType.swift */,
			);
			path = Services;
			sourceTree = "<group>";
		};
		3FA9350120D2D2F2002E6B10 /* Entities */ = {
			isa = PBXGroup;
			children = (
				3F63AF6120D533CC000EC7DD /* Structs */,
				3FA9350220D2D2F2002E6B10 /* FiatCurrency.swift */,
			);
			path = Entities;
			sourceTree = "<group>";
		};
		3FCD263E20CE479B0054F0CB = {
			isa = PBXGroup;
			children = (
				3FCD264920CE479B0054F0CB /* CoinPrice */,
				3FCD265C20CE491C0054F0CB /* Resources */,
				3FCD264820CE479B0054F0CB /* Products */,
				8486F63DA92DEEB495482CBD /* Pods */,
				1AC16964BD20799A990B6967 /* Frameworks */,
			);
			sourceTree = "<group>";
		};
		3FCD264820CE479B0054F0CB /* Products */ = {
			isa = PBXGroup;
			children = (
				3FCD264720CE479B0054F0CB /* CoinPrice.app */,
			);
			name = Products;
			sourceTree = "<group>";
		};
		3FCD264920CE479B0054F0CB /* CoinPrice */ = {
			isa = PBXGroup;
			children = (
				3FCD264A20CE479B0054F0CB /* AppDelegate.swift */,
				3FCD267120CE4FDA0054F0CB /* DIContainer.swift */,
				3FA934EE20D2CFC6002E6B10 /* Models */,
				3FCD267620CE53900054F0CB /* Services */,
				3FCD266120CE492A0054F0CB /* Views */,
				3F4C978220D3AF5A00529482 /* Utils */,
			);
			path = CoinPrice;
			sourceTree = "<group>";
		};
		3FCD265C20CE491C0054F0CB /* Resources */ = {
			isa = PBXGroup;
			children = (
				3FCD265D20CE491C0054F0CB /* Assets.xcassets */,
				3FCD265E20CE491C0054F0CB /* Info.plist */,
			);
			name = Resources;
			path = CoinPrice/Resources;
			sourceTree = "<group>";
		};
		3FCD266120CE492A0054F0CB /* Views */ = {
			isa = PBXGroup;
			children = (
				3FCD266820CE49410054F0CB /* PriceList */,
				3F63AF5C20D51206000EC7DD /* CoinDetails */,
				3FCD266220CE492A0054F0CB /* LaunchScreen.storyboard */,
			);
			path = Views;
			sourceTree = "<group>";
		};
		3FCD266820CE49410054F0CB /* PriceList */ = {
			isa = PBXGroup;
			children = (
				3FCD266A20CE49410054F0CB /* PriceList.storyboard */,
				3FCD266920CE49410054F0CB /* PriceListViewController.swift */,
				3FCD267320CE50030054F0CB /* PriceListViewModel.swift */,
				3F63AF6620D537EF000EC7DD /* PriceListRouter.swift */,
				3FCD266E20CE49E40054F0CB /* CoinPriceCell.xib */,
				3FCD266D20CE49E40054F0CB /* CoinPriceCell.swift */,
				3F57BF6220D79B9500DF39A2 /* CoinPriceCellFormatter.swift */,
			);
			path = PriceList;
			sourceTree = "<group>";
		};
		3FCD267620CE53900054F0CB /* Services */ = {
			isa = PBXGroup;
			children = (
				3FCD268120CE55810054F0CB /* TickersServiceType.swift */,
				3FCD267F20CE55740054F0CB /* TickersService.swift */,
				3FCD268320CE596B0054F0CB /* Service.swift */,
				3F7DADE920DBF54D006C52C8 /* PastPricesService.swift */,
				3F7DADF220DBF82E006C52C8 /* PastPricesServiceType.swift */,
			);
			path = Services;
			sourceTree = "<group>";
		};
		8486F63DA92DEEB495482CBD /* Pods */ = {
			isa = PBXGroup;
			children = (
				2B70A043E9BAD86EC58ED7D4 /* Pods-CoinPrice.debug.xcconfig */,
				DE0BBA204E1C7F766B579E16 /* Pods-CoinPrice.release.xcconfig */,
			);
			name = Pods;
			sourceTree = "<group>";
		};
/* End PBXGroup section */

/* Begin PBXNativeTarget section */
		3FCD264620CE479B0054F0CB /* CoinPrice */ = {
			isa = PBXNativeTarget;
			buildConfigurationList = 3FCD265920CE479D0054F0CB /* Build configuration list for PBXNativeTarget "CoinPrice" */;
			buildPhases = (
				19810A5CC6406AE00456C249 /* [CP] Check Pods Manifest.lock */,
				3FCD264320CE479B0054F0CB /* Sources */,
				3FCD264420CE479B0054F0CB /* Frameworks */,
				3FCD264520CE479B0054F0CB /* Resources */,
				EB1F98A5FD8FAF54282E2735 /* [CP] Embed Pods Frameworks */,
				3F57BF6420D79EF300DF39A2 /* ShellScript */,
			);
			buildRules = (
			);
			dependencies = (
			);
			name = CoinPrice;
			productName = CoinPrice;
			productReference = 3FCD264720CE479B0054F0CB /* CoinPrice.app */;
			productType = "com.apple.product-type.application";
		};
/* End PBXNativeTarget section */

/* Begin PBXProject section */
		3FCD263F20CE479B0054F0CB /* Project object */ = {
			isa = PBXProject;
			attributes = {
				LastSwiftUpdateCheck = 0930;
				LastUpgradeCheck = 0940;
				ORGANIZATIONNAME = "Jan Borowski";
				TargetAttributes = {
					3FCD264620CE479B0054F0CB = {
						CreatedOnToolsVersion = 9.3;
					};
				};
			};
			buildConfigurationList = 3FCD264220CE479B0054F0CB /* Build configuration list for PBXProject "CoinPrice" */;
			compatibilityVersion = "Xcode 9.3";
			developmentRegion = en;
			hasScannedForEncodings = 0;
			knownRegions = (
				en,
				Base,
			);
			mainGroup = 3FCD263E20CE479B0054F0CB;
			productRefGroup = 3FCD264820CE479B0054F0CB /* Products */;
			projectDirPath = "";
			projectRoot = "";
			targets = (
				3FCD264620CE479B0054F0CB /* CoinPrice */,
			);
		};
/* End PBXProject section */

/* Begin PBXResourcesBuildPhase section */
		3FCD264520CE479B0054F0CB /* Resources */ = {
			isa = PBXResourcesBuildPhase;
			buildActionMask = 2147483647;
			files = (
				3FCD266520CE492A0054F0CB /* LaunchScreen.storyboard in Resources */,
				3FCD266C20CE49410054F0CB /* PriceList.storyboard in Resources */,
				3FCD267020CE49E40054F0CB /* CoinPriceCell.xib in Resources */,
				3FCD265F20CE491C0054F0CB /* Assets.xcassets in Resources */,
				3F63AF5E20D5124F000EC7DD /* CoinDetails.storyboard in Resources */,
			);
			runOnlyForDeploymentPostprocessing = 0;
		};
/* End PBXResourcesBuildPhase section */

/* Begin PBXShellScriptBuildPhase section */
		19810A5CC6406AE00456C249 /* [CP] Check Pods Manifest.lock */ = {
			isa = PBXShellScriptBuildPhase;
			buildActionMask = 2147483647;
			files = (
			);
			inputPaths = (
				"${PODS_PODFILE_DIR_PATH}/Podfile.lock",
				"${PODS_ROOT}/Manifest.lock",
			);
			name = "[CP] Check Pods Manifest.lock";
			outputPaths = (
				"$(DERIVED_FILE_DIR)/Pods-CoinPrice-checkManifestLockResult.txt",
			);
			runOnlyForDeploymentPostprocessing = 0;
			shellPath = /bin/sh;
			shellScript = "diff \"${PODS_PODFILE_DIR_PATH}/Podfile.lock\" \"${PODS_ROOT}/Manifest.lock\" > /dev/null\nif [ $? != 0 ] ; then\n    # print error to STDERR\n    echo \"error: The sandbox is not in sync with the Podfile.lock. Run 'pod install' or update your CocoaPods installation.\" >&2\n    exit 1\nfi\n# This output is used by Xcode 'outputs' to avoid re-running this script phase.\necho \"SUCCESS\" > \"${SCRIPT_OUTPUT_FILE_0}\"\n";
			showEnvVarsInLog = 0;
		};
		3F57BF6420D79EF300DF39A2 /* ShellScript */ = {
			isa = PBXShellScriptBuildPhase;
			buildActionMask = 2147483647;
			files = (
			);
			inputPaths = (
			);
			outputPaths = (
			);
			runOnlyForDeploymentPostprocessing = 0;
			shellPath = /bin/sh;
			shellScript = "if which swiftlint >/dev/null; then\n    swiftlint\nelse\n    echo \"warning: SwiftLint not installed, download from https://github.com/realm/SwiftLint\"\nfi";
		};
		EB1F98A5FD8FAF54282E2735 /* [CP] Embed Pods Frameworks */ = {
			isa = PBXShellScriptBuildPhase;
			buildActionMask = 2147483647;
			files = (
			);
			inputPaths = (
				"${SRCROOT}/Pods/Target Support Files/Pods-CoinPrice/Pods-CoinPrice-frameworks.sh",
				"${BUILT_PRODUCTS_DIR}/Charts/Charts.framework",
				"${BUILT_PRODUCTS_DIR}/RxCocoa/RxCocoa.framework",
				"${BUILT_PRODUCTS_DIR}/RxOptional/RxOptional.framework",
				"${BUILT_PRODUCTS_DIR}/RxSwift/RxSwift.framework",
				"${BUILT_PRODUCTS_DIR}/Swinject/Swinject.framework",
				"${BUILT_PRODUCTS_DIR}/SwinjectStoryboard/SwinjectStoryboard.framework",
			);
			name = "[CP] Embed Pods Frameworks";
			outputPaths = (
				"${TARGET_BUILD_DIR}/${FRAMEWORKS_FOLDER_PATH}/Charts.framework",
				"${TARGET_BUILD_DIR}/${FRAMEWORKS_FOLDER_PATH}/RxCocoa.framework",
				"${TARGET_BUILD_DIR}/${FRAMEWORKS_FOLDER_PATH}/RxOptional.framework",
				"${TARGET_BUILD_DIR}/${FRAMEWORKS_FOLDER_PATH}/RxSwift.framework",
				"${TARGET_BUILD_DIR}/${FRAMEWORKS_FOLDER_PATH}/Swinject.framework",
				"${TARGET_BUILD_DIR}/${FRAMEWORKS_FOLDER_PATH}/SwinjectStoryboard.framework",
			);
			runOnlyForDeploymentPostprocessing = 0;
			shellPath = /bin/sh;
			shellScript = "\"${SRCROOT}/Pods/Target Support Files/Pods-CoinPrice/Pods-CoinPrice-frameworks.sh\"\n";
			showEnvVarsInLog = 0;
		};
/* End PBXShellScriptBuildPhase section */

/* Begin PBXSourcesBuildPhase section */
		3FCD264320CE479B0054F0CB /* Sources */ = {
			isa = PBXSourcesBuildPhase;
			buildActionMask = 2147483647;
			files = (
				3FA934FA20D2CFC6002E6B10 /* ServiceError.swift in Sources */,
				3F4C977820D3A5A300529482 /* CDModel.swift in Sources */,
				3F4C977A20D3A5A300529482 /* CDQuotePersistenceMapper.swift in Sources */,
				3FCD267220CE4FDA0054F0CB /* DIContainer.swift in Sources */,
				3FCD268020CE55740054F0CB /* TickersService.swift in Sources */,
				3F4C977B20D3A5A300529482 /* CDCoinTickerPersistenceMapper.swift in Sources */,
				3F57BF6120D7951400DF39A2 /* CoinDetailsViewFormatter.swift in Sources */,
				3F7DADF320DBF82E006C52C8 /* PastPricesServiceType.swift in Sources */,
				3F7DADF920DC04F7006C52C8 /* DataValueFormatter.swift in Sources */,
				3F63AF6520D533CC000EC7DD /* CoinTicker.swift in Sources */,
				3F7DADEF20DBF726006C52C8 /* PastPricesResponse.swift in Sources */,
				3F7A104020D3E1E100A22681 /* PersistenceMapper.swift in Sources */,
				3FCD268220CE55810054F0CB /* TickersServiceType.swift in Sources */,
				3FCD264B20CE479B0054F0CB /* AppDelegate.swift in Sources */,
				3FCD268420CE596B0054F0CB /* Service.swift in Sources */,
				3F63AF6420D533CC000EC7DD /* Quote.swift in Sources */,
				3F7DADF120DBF755006C52C8 /* PastPrice.swift in Sources */,
				3F7DADEA20DBF54D006C52C8 /* PastPricesService.swift in Sources */,
				3F4C978420D3AF6F00529482 /* Codable+Any.swift in Sources */,
				3FA9350720D2D2F2002E6B10 /* FiatCurrency.swift in Sources */,
				3FD0781820DCD60600C4E9B7 /* PriceValueFormatter.swift in Sources */,
				3F57BF6320D79B9500DF39A2 /* CoinPriceCellFormatter.swift in Sources */,
				3FCD267420CE50030054F0CB /* PriceListViewModel.swift in Sources */,
				3F57BF5F20D7925900DF39A2 /* NumberFormatter+Formatters.swift in Sources */,
				3FCD266B20CE49410054F0CB /* PriceListViewController.swift in Sources */,
				3F7DADFB20DC122F006C52C8 /* CDPastPricePersistenceMapper.swift in Sources */,
				3F7DADF720DBFE89006C52C8 /* ChartViewBase+Rx.swift in Sources */,
				3F63AF6720D537EF000EC7DD /* PriceListRouter.swift in Sources */,
				3FA934FB20D2CFC6002E6B10 /* RequestType.swift in Sources */,
				3F4C977920D3A5A300529482 /* CDCoinTickerDataProvider.swift in Sources */,
				3F4C977C20D3A5A300529482 /* CoinPriceModel.xcdatamodeld in Sources */,
				3FA934F920D2CFC6002E6B10 /* CoinTickerResponse.swift in Sources */,
				3F4C978120D3A83C00529482 /* CoinTickerDataProvider.swift in Sources */,
				3F63AF6920D53888000EC7DD /* CoinDetailsViewModel.swift in Sources */,
				3FCD266F20CE49E40054F0CB /* CoinPriceCell.swift in Sources */,
				3F63AF6020D5156C000EC7DD /* CoinDetailsViewController.swift in Sources */,
			);
			runOnlyForDeploymentPostprocessing = 0;
		};
/* End PBXSourcesBuildPhase section */

/* Begin XCBuildConfiguration section */
		3FCD265720CE479D0054F0CB /* Debug */ = {
			isa = XCBuildConfiguration;
			buildSettings = {
				ALWAYS_SEARCH_USER_PATHS = NO;
				CLANG_ANALYZER_NONNULL = YES;
				CLANG_ANALYZER_NUMBER_OBJECT_CONVERSION = YES_AGGRESSIVE;
				CLANG_CXX_LANGUAGE_STANDARD = "gnu++14";
				CLANG_CXX_LIBRARY = "libc++";
				CLANG_ENABLE_MODULES = YES;
				CLANG_ENABLE_OBJC_ARC = YES;
				CLANG_ENABLE_OBJC_WEAK = YES;
				CLANG_WARN_BLOCK_CAPTURE_AUTORELEASING = YES;
				CLANG_WARN_BOOL_CONVERSION = YES;
				CLANG_WARN_COMMA = YES;
				CLANG_WARN_CONSTANT_CONVERSION = YES;
				CLANG_WARN_DEPRECATED_OBJC_IMPLEMENTATIONS = YES;
				CLANG_WARN_DIRECT_OBJC_ISA_USAGE = YES_ERROR;
				CLANG_WARN_DOCUMENTATION_COMMENTS = YES;
				CLANG_WARN_EMPTY_BODY = YES;
				CLANG_WARN_ENUM_CONVERSION = YES;
				CLANG_WARN_INFINITE_RECURSION = YES;
				CLANG_WARN_INT_CONVERSION = YES;
				CLANG_WARN_NON_LITERAL_NULL_CONVERSION = YES;
				CLANG_WARN_OBJC_IMPLICIT_RETAIN_SELF = YES;
				CLANG_WARN_OBJC_LITERAL_CONVERSION = YES;
				CLANG_WARN_OBJC_ROOT_CLASS = YES_ERROR;
				CLANG_WARN_RANGE_LOOP_ANALYSIS = YES;
				CLANG_WARN_STRICT_PROTOTYPES = YES;
				CLANG_WARN_SUSPICIOUS_MOVE = YES;
				CLANG_WARN_UNGUARDED_AVAILABILITY = YES_AGGRESSIVE;
				CLANG_WARN_UNREACHABLE_CODE = YES;
				CLANG_WARN__DUPLICATE_METHOD_MATCH = YES;
				CODE_SIGN_IDENTITY = "iPhone Developer";
				COPY_PHASE_STRIP = NO;
				DEBUG_INFORMATION_FORMAT = dwarf;
				ENABLE_STRICT_OBJC_MSGSEND = YES;
				ENABLE_TESTABILITY = YES;
				GCC_C_LANGUAGE_STANDARD = gnu11;
				GCC_DYNAMIC_NO_PIC = NO;
				GCC_NO_COMMON_BLOCKS = YES;
				GCC_OPTIMIZATION_LEVEL = 0;
				GCC_PREPROCESSOR_DEFINITIONS = (
					"DEBUG=1",
					"$(inherited)",
				);
				GCC_WARN_64_TO_32_BIT_CONVERSION = YES;
				GCC_WARN_ABOUT_RETURN_TYPE = YES_ERROR;
				GCC_WARN_UNDECLARED_SELECTOR = YES;
				GCC_WARN_UNINITIALIZED_AUTOS = YES_AGGRESSIVE;
				GCC_WARN_UNUSED_FUNCTION = YES;
				GCC_WARN_UNUSED_VARIABLE = YES;
				IPHONEOS_DEPLOYMENT_TARGET = 11.0;
				MTL_ENABLE_DEBUG_INFO = YES;
				ONLY_ACTIVE_ARCH = YES;
				SDKROOT = iphoneos;
				SWIFT_ACTIVE_COMPILATION_CONDITIONS = DEBUG;
				SWIFT_OPTIMIZATION_LEVEL = "-Onone";
			};
			name = Debug;
		};
		3FCD265820CE479D0054F0CB /* Release */ = {
			isa = XCBuildConfiguration;
			buildSettings = {
				ALWAYS_SEARCH_USER_PATHS = NO;
				CLANG_ANALYZER_NONNULL = YES;
				CLANG_ANALYZER_NUMBER_OBJECT_CONVERSION = YES_AGGRESSIVE;
				CLANG_CXX_LANGUAGE_STANDARD = "gnu++14";
				CLANG_CXX_LIBRARY = "libc++";
				CLANG_ENABLE_MODULES = YES;
				CLANG_ENABLE_OBJC_ARC = YES;
				CLANG_ENABLE_OBJC_WEAK = YES;
				CLANG_WARN_BLOCK_CAPTURE_AUTORELEASING = YES;
				CLANG_WARN_BOOL_CONVERSION = YES;
				CLANG_WARN_COMMA = YES;
				CLANG_WARN_CONSTANT_CONVERSION = YES;
				CLANG_WARN_DEPRECATED_OBJC_IMPLEMENTATIONS = YES;
				CLANG_WARN_DIRECT_OBJC_ISA_USAGE = YES_ERROR;
				CLANG_WARN_DOCUMENTATION_COMMENTS = YES;
				CLANG_WARN_EMPTY_BODY = YES;
				CLANG_WARN_ENUM_CONVERSION = YES;
				CLANG_WARN_INFINITE_RECURSION = YES;
				CLANG_WARN_INT_CONVERSION = YES;
				CLANG_WARN_NON_LITERAL_NULL_CONVERSION = YES;
				CLANG_WARN_OBJC_IMPLICIT_RETAIN_SELF = YES;
				CLANG_WARN_OBJC_LITERAL_CONVERSION = YES;
				CLANG_WARN_OBJC_ROOT_CLASS = YES_ERROR;
				CLANG_WARN_RANGE_LOOP_ANALYSIS = YES;
				CLANG_WARN_STRICT_PROTOTYPES = YES;
				CLANG_WARN_SUSPICIOUS_MOVE = YES;
				CLANG_WARN_UNGUARDED_AVAILABILITY = YES_AGGRESSIVE;
				CLANG_WARN_UNREACHABLE_CODE = YES;
				CLANG_WARN__DUPLICATE_METHOD_MATCH = YES;
				CODE_SIGN_IDENTITY = "iPhone Developer";
				COPY_PHASE_STRIP = NO;
				DEBUG_INFORMATION_FORMAT = "dwarf-with-dsym";
				ENABLE_NS_ASSERTIONS = NO;
				ENABLE_STRICT_OBJC_MSGSEND = YES;
				GCC_C_LANGUAGE_STANDARD = gnu11;
				GCC_NO_COMMON_BLOCKS = YES;
				GCC_WARN_64_TO_32_BIT_CONVERSION = YES;
				GCC_WARN_ABOUT_RETURN_TYPE = YES_ERROR;
				GCC_WARN_UNDECLARED_SELECTOR = YES;
				GCC_WARN_UNINITIALIZED_AUTOS = YES_AGGRESSIVE;
				GCC_WARN_UNUSED_FUNCTION = YES;
				GCC_WARN_UNUSED_VARIABLE = YES;
				IPHONEOS_DEPLOYMENT_TARGET = 11.0;
				MTL_ENABLE_DEBUG_INFO = NO;
				SDKROOT = iphoneos;
				SWIFT_COMPILATION_MODE = wholemodule;
				SWIFT_OPTIMIZATION_LEVEL = "-O";
				VALIDATE_PRODUCT = YES;
			};
			name = Release;
		};
		3FCD265A20CE479D0054F0CB /* Debug */ = {
			isa = XCBuildConfiguration;
			baseConfigurationReference = 2B70A043E9BAD86EC58ED7D4 /* Pods-CoinPrice.debug.xcconfig */;
			buildSettings = {
				ASSETCATALOG_COMPILER_APPICON_NAME = AppIcon;
				CODE_SIGN_IDENTITY = "iPhone Developer";
				CODE_SIGN_STYLE = Manual;
				DEVELOPMENT_TEAM = "";
				INFOPLIST_FILE = "$(SRCROOT)/CoinPrice/Resources/Info.plist";
				IPHONEOS_DEPLOYMENT_TARGET = 11.0;
				LD_RUNPATH_SEARCH_PATHS = (
					"$(inherited)",
					"@executable_path/Frameworks",
				);
				PRODUCT_BUNDLE_IDENTIFIER = com.borowskijan.CoinPrice;
				PRODUCT_NAME = "$(TARGET_NAME)";
				PROVISIONING_PROFILE_SPECIFIER = "";
				SWIFT_VERSION = 4.0;
				TARGETED_DEVICE_FAMILY = "1,2";
			};
			name = Debug;
		};
		3FCD265B20CE479D0054F0CB /* Release */ = {
			isa = XCBuildConfiguration;
			baseConfigurationReference = DE0BBA204E1C7F766B579E16 /* Pods-CoinPrice.release.xcconfig */;
			buildSettings = {
				ASSETCATALOG_COMPILER_APPICON_NAME = AppIcon;
				CODE_SIGN_IDENTITY = "iPhone Developer";
				CODE_SIGN_STYLE = Manual;
				DEVELOPMENT_TEAM = "";
				INFOPLIST_FILE = "$(SRCROOT)/CoinPrice/Resources/Info.plist";
				IPHONEOS_DEPLOYMENT_TARGET = 11.0;
				LD_RUNPATH_SEARCH_PATHS = (
					"$(inherited)",
					"@executable_path/Frameworks",
				);
				PRODUCT_BUNDLE_IDENTIFIER = com.borowskijan.CoinPrice;
				PRODUCT_NAME = "$(TARGET_NAME)";
				PROVISIONING_PROFILE_SPECIFIER = "";
				SWIFT_VERSION = 4.0;
				TARGETED_DEVICE_FAMILY = "1,2";
			};
			name = Release;
		};
/* End XCBuildConfiguration section */

/* Begin XCConfigurationList section */
		3FCD264220CE479B0054F0CB /* Build configuration list for PBXProject "CoinPrice" */ = {
			isa = XCConfigurationList;
			buildConfigurations = (
				3FCD265720CE479D0054F0CB /* Debug */,
				3FCD265820CE479D0054F0CB /* Release */,
			);
			defaultConfigurationIsVisible = 0;
			defaultConfigurationName = Release;
		};
		3FCD265920CE479D0054F0CB /* Build configuration list for PBXNativeTarget "CoinPrice" */ = {
			isa = XCConfigurationList;
			buildConfigurations = (
				3FCD265A20CE479D0054F0CB /* Debug */,
				3FCD265B20CE479D0054F0CB /* Release */,
			);
			defaultConfigurationIsVisible = 0;
			defaultConfigurationName = Release;
		};
/* End XCConfigurationList section */

/* Begin XCVersionGroup section */
		3F4C977520D3A5A300529482 /* CoinPriceModel.xcdatamodeld */ = {
			isa = XCVersionGroup;
			children = (
				3F4C977620D3A5A300529482 /* CoinPriceModel.xcdatamodel */,
			);
			currentVersion = 3F4C977620D3A5A300529482 /* CoinPriceModel.xcdatamodel */;
			path = CoinPriceModel.xcdatamodeld;
			sourceTree = "<group>";
			versionGroupType = wrapper.xcdatamodel;
		};
/* End XCVersionGroup section */
	};
	rootObject = 3FCD263F20CE479B0054F0CB /* Project object */;
}
